
Microsoft Visual Studio Solution File, Format Version 12.00
# Visual Studio Version 16
VisualStudioVersion = 16.0.30011.22
MinimumVisualStudioVersion = 10.0.40219.1
Project("{FAE04EC0-301F-11D3-BF4B-00C04F79EFBC}") = "SingleResponsibility", "SingleResponsibility\SingleResponsibility.csproj", "{06A01659-0E6D-4D2F-BBF9-618E3A51AF93}"
EndProject
Project("{FAE04EC0-301F-11D3-BF4B-00C04F79EFBC}") = "OpenClosed", "OpenClosed\OpenClosed.csproj", "{487EDD5F-14BB-47B3-8F97-AC9CF4C3172D}"
EndProject
Project("{FAE04EC0-301F-11D3-BF4B-00C04F79EFBC}") = "LiskovSubstitution", "LiskovSubstitution\LiskovSubstitution.csproj", "{6DB98C4E-440F-4EA5-9F1F-DBBAE8E9FC65}"
EndProject
Project("{FAE04EC0-301F-11D3-BF4B-00C04F79EFBC}") = "InterfaceSegregation", "InterfaceSegregation\InterfaceSegregation.csproj", "{A34C308D-E00A-4895-9822-D3D08312C1AA}"
EndProject
Project("{FAE04EC0-301F-11D3-BF4B-00C04F79EFBC}") = "DependencyInversion", "DependencyInversion\DependencyInversion.csproj", "{B7041BF6-468C-4501-85D0-AA8D1D68BB54}"
EndProject
Global
	GlobalSection(SolutionConfigurationPlatforms) = preSolution
		Debug|Any CPU = Debug|Any CPU
		Release|Any CPU = Release|Any CPU
	EndGlobalSection
	GlobalSection(ProjectConfigurationPlatforms) = postSolution
		{06A01659-0E6D-4D2F-BBF9-618E3A51AF93}.Debug|Any CPU.ActiveCfg = Debug|Any CPU
		{06A01659-0E6D-4D2F-BBF9-618E3A51AF93}.Debug|Any CPU.Build.0 = Debug|Any CPU
		{06A01659-0E6D-4D2F-BBF9-618E3A51AF93}.Release|Any CPU.ActiveCfg = Release|Any CPU
		{06A01659-0E6D-4D2F-BBF9-618E3A51AF93}.Release|Any CPU.Build.0 = Release|Any CPU
		{487EDD5F-14BB-47B3-8F97-AC9CF4C3172D}.Debug|Any CPU.ActiveCfg = Debug|Any CPU
		{487EDD5F-14BB-47B3-8F97-AC9CF4C3172D}.Debug|Any CPU.Build.0 = Debug|Any CPU
		{487EDD5F-14BB-47B3-8F97-AC9CF4C3172D}.Release|Any CPU.ActiveCfg = Release|Any CPU
		{487EDD5F-14BB-47B3-8F97-AC9CF4C3172D}.Release|Any CPU.Build.0 = Release|Any CPU
		{6DB98C4E-440F-4EA5-9F1F-DBBAE8E9FC65}.Debug|Any CPU.ActiveCfg = Debug|Any CPU
		{6DB98C4E-440F-4EA5-9F1F-DBBAE8E9FC65}.Debug|Any CPU.Build.0 = Debug|Any CPU
		{6DB98C4E-440F-4EA5-9F1F-DBBAE8E9FC65}.Release|Any CPU.ActiveCfg = Release|Any CPU
		{6DB98C4E-440F-4EA5-9F1F-DBBAE8E9FC65}.Release|Any CPU.Build.0 = Release|Any CPU
		{A34C308D-E00A-4895-9822-D3D08312C1AA}.Debug|Any CPU.ActiveCfg = Debug|Any CPU
		{A34C308D-E00A-4895-9822-D3D08312C1AA}.Debug|Any CPU.Build.0 = Debug|Any CPU
		{A34C308D-E00A-4895-9822-D3D08312C1AA}.Release|Any CPU.ActiveCfg = Release|Any CPU
		{A34C308D-E00A-4895-9822-D3D08312C1AA}.Release|Any CPU.Build.0 = Release|Any CPU
		{B7041BF6-468C-4501-85D0-AA8D1D68BB54}.Debug|Any CPU.ActiveCfg = Debug|Any CPU
		{B7041BF6-468C-4501-85D0-AA8D1D68BB54}.Debug|Any CPU.Build.0 = Debug|Any CPU
		{B7041BF6-468C-4501-85D0-AA8D1D68BB54}.Release|Any CPU.ActiveCfg = Release|Any CPU
		{B7041BF6-468C-4501-85D0-AA8D1D68BB54}.Release|Any CPU.Build.0 = Release|Any CPU
	EndGlobalSection
	GlobalSection(SolutionProperties) = preSolution
		HideSolutionNode = FALSE
	EndGlobalSection
	GlobalSection(ExtensibilityGlobals) = postSolution
		SolutionGuid = {B4FF3B05-A729-45EA-94BE-69F511E925ED}
	EndGlobalSection
EndGlobal
